
Microsoft Visual Studio Solution File, Format Version 12.00
# Visual Studio Version 17
VisualStudioVersion = 17.11.35222.181
MinimumVisualStudioVersion = 10.0.40219.1
Project("{FAE04EC0-301F-11D3-BF4B-00C04F79EFBC}") = "SloManager", "SloManager.csproj", "{523D1C6B-4308-462A-9CB5-7EADB16F1E2F}"
EndProject
Project("{FAE04EC0-301F-11D3-BF4B-00C04F79EFBC}") = "SlosClassLibrary", "..\SlosClassLibrary\SlosClassLibrary.csproj", "{84D417A5-441D-4628-A073-1AE75E586C18}"
EndProject
Global
	GlobalSection(SolutionConfigurationPlatforms) = preSolution
		Debug|Any CPU = Debug|Any CPU
		Debug|ARM = Debug|ARM
		Debug|ARM64 = Debug|ARM64
		Debug|x64 = Debug|x64
		Debug|x86 = Debug|x86
		Release|Any CPU = Release|Any CPU
		Release|ARM = Release|ARM
		Release|ARM64 = Release|ARM64
		Release|x64 = Release|x64
		Release|x86 = Release|x86
	EndGlobalSection
	GlobalSection(ProjectConfigurationPlatforms) = postSolution
		{523D1C6B-4308-462A-9CB5-7EADB16F1E2F}.Debug|Any CPU.ActiveCfg = Debug|Any CPU
		{523D1C6B-4308-462A-9CB5-7EADB16F1E2F}.Debug|Any CPU.Build.0 = Debug|Any CPU
		{523D1C6B-4308-462A-9CB5-7EADB16F1E2F}.Debug|ARM.ActiveCfg = Debug|Any CPU
		{523D1C6B-4308-462A-9CB5-7EADB16F1E2F}.Debug|ARM.Build.0 = Debug|Any CPU
		{523D1C6B-4308-462A-9CB5-7EADB16F1E2F}.Debug|ARM64.ActiveCfg = Debug|Any CPU
		{523D1C6B-4308-462A-9CB5-7EADB16F1E2F}.Debug|ARM64.Build.0 = Debug|Any CPU
		{523D1C6B-4308-462A-9CB5-7EADB16F1E2F}.Debug|x64.ActiveCfg = Debug|Any CPU
		{523D1C6B-4308-462A-9CB5-7EADB16F1E2F}.Debug|x64.Build.0 = Debug|Any CPU
		{523D1C6B-4308-462A-9CB5-7EADB16F1E2F}.Debug|x86.ActiveCfg = Debug|Any CPU
		{523D1C6B-4308-462A-9CB5-7EADB16F1E2F}.Debug|x86.Build.0 = Debug|Any CPU
		{523D1C6B-4308-462A-9CB5-7EADB16F1E2F}.Release|Any CPU.ActiveCfg = Release|Any CPU
		{523D1C6B-4308-462A-9CB5-7EADB16F1E2F}.Release|Any CPU.Build.0 = Release|Any CPU
		{523D1C6B-4308-462A-9CB5-7EADB16F1E2F}.Release|ARM.ActiveCfg = Release|Any CPU
		{523D1C6B-4308-462A-9CB5-7EADB16F1E2F}.Release|ARM.Build.0 = Release|Any CPU
		{523D1C6B-4308-462A-9CB5-7EADB16F1E2F}.Release|ARM64.ActiveCfg = Release|Any CPU
		{523D1C6B-4308-462A-9CB5-7EADB16F1E2F}.Release|ARM64.Build.0 = Release|Any CPU
		{523D1C6B-4308-462A-9CB5-7EADB16F1E2F}.Release|x64.ActiveCfg = Release|Any CPU
		{523D1C6B-4308-462A-9CB5-7EADB16F1E2F}.Release|x64.Build.0 = Release|Any CPU
		{523D1C6B-4308-462A-9CB5-7EADB16F1E2F}.Release|x86.ActiveCfg = Release|Any CPU
		{523D1C6B-4308-462A-9CB5-7EADB16F1E2F}.Release|x86.Build.0 = Release|Any CPU
		{84D417A5-441D-4628-A073-1AE75E586C18}.Debug|Any CPU.ActiveCfg = Debug|Any CPU
		{84D417A5-441D-4628-A073-1AE75E586C18}.Debug|Any CPU.Build.0 = Debug|Any CPU
		{84D417A5-441D-4628-A073-1AE75E586C18}.Debug|ARM.ActiveCfg = Debug|Any CPU
		{84D417A5-441D-4628-A073-1AE75E586C18}.Debug|ARM.Build.0 = Debug|Any CPU
		{84D417A5-441D-4628-A073-1AE75E586C18}.Debug|ARM64.ActiveCfg = Debug|Any CPU
		{84D417A5-441D-4628-A073-1AE75E586C18}.Debug|ARM64.Build.0 = Debug|Any CPU
		{84D417A5-441D-4628-A073-1AE75E586C18}.Debug|x64.ActiveCfg = Debug|Any CPU
		{84D417A5-441D-4628-A073-1AE75E586C18}.Debug|x64.Build.0 = Debug|Any CPU
		{84D417A5-441D-4628-A073-1AE75E586C18}.Debug|x86.ActiveCfg = Debug|Any CPU
		{84D417A5-441D-4628-A073-1AE75E586C18}.Debug|x86.Build.0 = Debug|Any CPU
		{84D417A5-441D-4628-A073-1AE75E586C18}.Release|Any CPU.ActiveCfg = Release|Any CPU
		{84D417A5-441D-4628-A073-1AE75E586C18}.Release|Any CPU.Build.0 = Release|Any CPU
		{84D417A5-441D-4628-A073-1AE75E586C18}.Release|ARM.ActiveCfg = Release|Any CPU
		{84D417A5-441D-4628-A073-1AE75E586C18}.Release|ARM.Build.0 = Release|Any CPU
		{84D417A5-441D-4628-A073-1AE75E586C18}.Release|ARM64.ActiveCfg = Release|Any CPU
		{84D417A5-441D-4628-A073-1AE75E586C18}.Release|ARM64.Build.0 = Release|Any CPU
		{84D417A5-441D-4628-A073-1AE75E586C18}.Release|x64.ActiveCfg = Release|Any CPU
		{84D417A5-441D-4628-A073-1AE75E586C18}.Release|x64.Build.0 = Release|Any CPU
		{84D417A5-441D-4628-A073-1AE75E586C18}.Release|x86.ActiveCfg = Release|Any CPU
		{84D417A5-441D-4628-A073-1AE75E586C18}.Release|x86.Build.0 = Release|Any CPU
	EndGlobalSection
	GlobalSection(SolutionProperties) = preSolution
		HideSolutionNode = FALSE
	EndGlobalSection
	GlobalSection(ExtensibilityGlobals) = postSolution
		SolutionGuid = {13F4AE88-120E-4BB8-9D68-B0B5DDDE1BD9}
	EndGlobalSection
EndGlobal
