
Microsoft Visual Studio Solution File, Format Version 12.00
# Visual Studio Version 17
VisualStudioVersion = 17.11.35222.181
MinimumVisualStudioVersion = 10.0.40219.1
Project("{FAE04EC0-301F-11D3-BF4B-00C04F79EFBC}") = "SlosClassLibrary", "SlosClassLibrary.csproj", "{84D417A5-441D-4628-A073-1AE75E586C18}"
EndProject
Project("{FAE04EC0-301F-11D3-BF4B-00C04F79EFBC}") = "SloManager", "..\SloManager\SloManager.csproj", "{523D1C6B-4308-462A-9CB5-7EADB16F1E2F}"
EndProject
Global
	GlobalSection(SolutionConfigurationPlatforms) = preSolution
		Debug|Any CPU = Debug|Any CPU
		Release|Any CPU = Release|Any CPU
	EndGlobalSection
	GlobalSection(ProjectConfigurationPlatforms) = postSolution
		{84D417A5-441D-4628-A073-1AE75E586C18}.Debug|Any CPU.ActiveCfg = Debug|Any CPU
		{84D417A5-441D-4628-A073-1AE75E586C18}.Debug|Any CPU.Build.0 = Debug|Any CPU
		{84D417A5-441D-4628-A073-1AE75E586C18}.Release|Any CPU.ActiveCfg = Release|Any CPU
		{84D417A5-441D-4628-A073-1AE75E586C18}.Release|Any CPU.Build.0 = Release|Any CPU
		{523D1C6B-4308-462A-9CB5-7EADB16F1E2F}.Debug|Any CPU.ActiveCfg = Debug|Any CPU
		{523D1C6B-4308-462A-9CB5-7EADB16F1E2F}.Debug|Any CPU.Build.0 = Debug|Any CPU
		{523D1C6B-4308-462A-9CB5-7EADB16F1E2F}.Release|Any CPU.ActiveCfg = Release|Any CPU
		{523D1C6B-4308-462A-9CB5-7EADB16F1E2F}.Release|Any CPU.Build.0 = Release|Any CPU
	EndGlobalSection
	GlobalSection(SolutionProperties) = preSolution
		HideSolutionNode = FALSE
	EndGlobalSection
	GlobalSection(ExtensibilityGlobals) = postSolution
		SolutionGuid = {7A595441-088C-439D-878B-C2B083E4E2E3}
	EndGlobalSection
EndGlobal
